
Microsoft Visual Studio Solution File, Format Version 12.00
# Visual Studio 15
VisualStudioVersion = 15.0.28307.572
MinimumVisualStudioVersion = 10.0.40219.1
Project("{FAE04EC0-301F-11D3-BF4B-00C04F79EFBC}") = "TableConverter", "TableConverter\TableConverter.csproj", "{C794FE1D-19F3-4CB7-84A6-483690CA880D}"
EndProject
Global
	GlobalSection(SolutionConfigurationPlatforms) = preSolution
		Debug|Any CPU = Debug|Any CPU
		Release|Any CPU = Release|Any CPU
	EndGlobalSection
	GlobalSection(ProjectConfigurationPlatforms) = postSolution
		{C794FE1D-19F3-4CB7-84A6-483690CA880D}.Debug|Any CPU.ActiveCfg = Debug|Any CPU
		{C794FE1D-19F3-4CB7-84A6-483690CA880D}.Debug|Any CPU.Build.0 = Debug|Any CPU
		{C794FE1D-19F3-4CB7-84A6-483690CA880D}.Release|Any CPU.ActiveCfg = Release|Any CPU
		{C794FE1D-19F3-4CB7-84A6-483690CA880D}.Release|Any CPU.Build.0 = Release|Any CPU
	EndGlobalSection
	GlobalSection(SolutionProperties) = preSolution
		HideSolutionNode = FALSE
	EndGlobalSection
	GlobalSection(ExtensibilityGlobals) = postSolution
		SolutionGuid = {DEFCF06F-5A4A-4941-8E7F-3FF2FF59BC36}
	EndGlobalSection
EndGlobal
